
Microsoft Visual Studio Solution File, Format Version 12.00
# Visual Studio 15
VisualStudioVersion = 15.0.28307.271
MinimumVisualStudioVersion = 10.0.40219.1
Project("{FAE04EC0-301F-11D3-BF4B-00C04F79EFBC}") = "poc", "poc\poc.csproj", "{BEF679E5-5A18-4F2E-AAC8-12A2D09F94A1}"
EndProject
Global
	GlobalSection(SolutionConfigurationPlatforms) = preSolution
		Debug|Any CPU = Debug|Any CPU
		Release|Any CPU = Release|Any CPU
	EndGlobalSection
	GlobalSection(ProjectConfigurationPlatforms) = postSolution
		{BEF679E5-5A18-4F2E-AAC8-12A2D09F94A1}.Debug|Any CPU.ActiveCfg = Debug|Any CPU
		{BEF679E5-5A18-4F2E-AAC8-12A2D09F94A1}.Debug|Any CPU.Build.0 = Debug|Any CPU
		{BEF679E5-5A18-4F2E-AAC8-12A2D09F94A1}.Release|Any CPU.ActiveCfg = Release|Any CPU
		{BEF679E5-5A18-4F2E-AAC8-12A2D09F94A1}.Release|Any CPU.Build.0 = Release|Any CPU
	EndGlobalSection
	GlobalSection(SolutionProperties) = preSolution
		HideSolutionNode = FALSE
	EndGlobalSection
	GlobalSection(ExtensibilityGlobals) = postSolution
		SolutionGuid = {711E2863-FF59-4EE2-B4E1-4E8134EAC415}
	EndGlobalSection
EndGlobal
